
Microsoft Visual Studio Solution File, Format Version 12.00
# Visual Studio Version 17
VisualStudioVersion = 17.0.31919.166
MinimumVisualStudioVersion = 10.0.40219.1
Project("{FAE04EC0-301F-11D3-BF4B-00C04F79EFBC}") = "desafio", "desafio.csproj", "{ED3ACCF9-BD76-4028-9240-875EE1599C57}"
EndProject
Global
	GlobalSection(SolutionConfigurationPlatforms) = preSolution
		Debug|Any CPU = Debug|Any CPU
		Release|Any CPU = Release|Any CPU
	EndGlobalSection
	GlobalSection(ProjectConfigurationPlatforms) = postSolution
		{ED3ACCF9-BD76-4028-9240-875EE1599C57}.Debug|Any CPU.ActiveCfg = Debug|Any CPU
		{ED3ACCF9-BD76-4028-9240-875EE1599C57}.Debug|Any CPU.Build.0 = Debug|Any CPU
		{ED3ACCF9-BD76-4028-9240-875EE1599C57}.Release|Any CPU.ActiveCfg = Release|Any CPU
		{ED3ACCF9-BD76-4028-9240-875EE1599C57}.Release|Any CPU.Build.0 = Release|Any CPU
	EndGlobalSection
	GlobalSection(SolutionProperties) = preSolution
		HideSolutionNode = FALSE
	EndGlobalSection
	GlobalSection(ExtensibilityGlobals) = postSolution
		SolutionGuid = {D49203B6-22BE-4C25-8DF9-3F4072E0CCFD}
	EndGlobalSection
EndGlobal
